
Microsoft Visual Studio Solution File, Format Version 12.00
# Visual Studio 14
VisualStudioVersion = 14.0.25420.1
MinimumVisualStudioVersion = 10.0.40219.1
Project("{8BC9CEB8-8B4A-11D0-8D11-00A0C91BC942}") = "CodeProphetSampleHost", "CodeProphetSampleHost\CodeProphetSampleHost.vcproj", "{0EE7117C-8E1E-475D-9497-90C3F6828799}"
EndProject
Global
	GlobalSection(SolutionConfigurationPlatforms) = preSolution
		Debug|Pocket PC 2003 (ARMV4) = Debug|Pocket PC 2003 (ARMV4)
		Debug|Win32 = Debug|Win32
		Debug|Windows Mobile 5.0 Pocket PC SDK (ARMV4I) = Debug|Windows Mobile 5.0 Pocket PC SDK (ARMV4I)
		Debug|Windows Mobile 6 Professional SDK (ARMV4I) = Debug|Windows Mobile 6 Professional SDK (ARMV4I)
		Debug|x64 = Debug|x64
		Release|Pocket PC 2003 (ARMV4) = Release|Pocket PC 2003 (ARMV4)
		Release|Win32 = Release|Win32
		Release|Windows Mobile 5.0 Pocket PC SDK (ARMV4I) = Release|Windows Mobile 5.0 Pocket PC SDK (ARMV4I)
		Release|Windows Mobile 6 Professional SDK (ARMV4I) = Release|Windows Mobile 6 Professional SDK (ARMV4I)
		Release|x64 = Release|x64
	EndGlobalSection
	GlobalSection(ProjectConfigurationPlatforms) = postSolution
		{0EE7117C-8E1E-475D-9497-90C3F6828799}.Debug|Pocket PC 2003 (ARMV4).ActiveCfg = Debug|Pocket PC 2003 (ARMV4)
		{0EE7117C-8E1E-475D-9497-90C3F6828799}.Debug|Pocket PC 2003 (ARMV4).Build.0 = Debug|Pocket PC 2003 (ARMV4)
		{0EE7117C-8E1E-475D-9497-90C3F6828799}.Debug|Pocket PC 2003 (ARMV4).Deploy.0 = Debug|Pocket PC 2003 (ARMV4)
		{0EE7117C-8E1E-475D-9497-90C3F6828799}.Debug|Win32.ActiveCfg = Debug|Win32
		{0EE7117C-8E1E-475D-9497-90C3F6828799}.Debug|Win32.Build.0 = Debug|Win32
		{0EE7117C-8E1E-475D-9497-90C3F6828799}.Debug|Windows Mobile 5.0 Pocket PC SDK (ARMV4I).ActiveCfg = Debug|Windows Mobile 5.0 Pocket PC SDK (ARMV4I)
		{0EE7117C-8E1E-475D-9497-90C3F6828799}.Debug|Windows Mobile 5.0 Pocket PC SDK (ARMV4I).Build.0 = Debug|Windows Mobile 5.0 Pocket PC SDK (ARMV4I)
		{0EE7117C-8E1E-475D-9497-90C3F6828799}.Debug|Windows Mobile 5.0 Pocket PC SDK (ARMV4I).Deploy.0 = Debug|Windows Mobile 5.0 Pocket PC SDK (ARMV4I)
		{0EE7117C-8E1E-475D-9497-90C3F6828799}.Debug|Windows Mobile 6 Professional SDK (ARMV4I).ActiveCfg = Debug|Windows Mobile 6 Professional SDK (ARMV4I)
		{0EE7117C-8E1E-475D-9497-90C3F6828799}.Debug|Windows Mobile 6 Professional SDK (ARMV4I).Build.0 = Debug|Windows Mobile 6 Professional SDK (ARMV4I)
		{0EE7117C-8E1E-475D-9497-90C3F6828799}.Debug|Windows Mobile 6 Professional SDK (ARMV4I).Deploy.0 = Debug|Windows Mobile 6 Professional SDK (ARMV4I)
		{0EE7117C-8E1E-475D-9497-90C3F6828799}.Debug|x64.ActiveCfg = Debug|x64
		{0EE7117C-8E1E-475D-9497-90C3F6828799}.Debug|x64.Build.0 = Debug|x64
		{0EE7117C-8E1E-475D-9497-90C3F6828799}.Release|Pocket PC 2003 (ARMV4).ActiveCfg = Release|Pocket PC 2003 (ARMV4)
		{0EE7117C-8E1E-475D-9497-90C3F6828799}.Release|Pocket PC 2003 (ARMV4).Build.0 = Release|Pocket PC 2003 (ARMV4)
		{0EE7117C-8E1E-475D-9497-90C3F6828799}.Release|Pocket PC 2003 (ARMV4).Deploy.0 = Release|Pocket PC 2003 (ARMV4)
		{0EE7117C-8E1E-475D-9497-90C3F6828799}.Release|Win32.ActiveCfg = Release|Win32
		{0EE7117C-8E1E-475D-9497-90C3F6828799}.Release|Win32.Build.0 = Release|Win32
		{0EE7117C-8E1E-475D-9497-90C3F6828799}.Release|Windows Mobile 5.0 Pocket PC SDK (ARMV4I).ActiveCfg = Release|Windows Mobile 5.0 Pocket PC SDK (ARMV4I)
		{0EE7117C-8E1E-475D-9497-90C3F6828799}.Release|Windows Mobile 5.0 Pocket PC SDK (ARMV4I).Build.0 = Release|Windows Mobile 5.0 Pocket PC SDK (ARMV4I)
		{0EE7117C-8E1E-475D-9497-90C3F6828799}.Release|Windows Mobile 5.0 Pocket PC SDK (ARMV4I).Deploy.0 = Release|Windows Mobile 5.0 Pocket PC SDK (ARMV4I)
		{0EE7117C-8E1E-475D-9497-90C3F6828799}.Release|Windows Mobile 6 Professional SDK (ARMV4I).ActiveCfg = Release|Windows Mobile 6 Professional SDK (ARMV4I)
		{0EE7117C-8E1E-475D-9497-90C3F6828799}.Release|Windows Mobile 6 Professional SDK (ARMV4I).Build.0 = Release|Windows Mobile 6 Professional SDK (ARMV4I)
		{0EE7117C-8E1E-475D-9497-90C3F6828799}.Release|Windows Mobile 6 Professional SDK (ARMV4I).Deploy.0 = Release|Windows Mobile 6 Professional SDK (ARMV4I)
		{0EE7117C-8E1E-475D-9497-90C3F6828799}.Release|x64.ActiveCfg = Release|x64
		{0EE7117C-8E1E-475D-9497-90C3F6828799}.Release|x64.Build.0 = Release|x64
	EndGlobalSection
	GlobalSection(SolutionProperties) = preSolution
		HideSolutionNode = FALSE
	EndGlobalSection
EndGlobal
